
Microsoft Visual Studio Solution File, Format Version 12.00
# Visual Studio 15
VisualStudioVersion = 15.0.27703.2026
MinimumVisualStudioVersion = 10.0.40219.1
Project("{888888A0-9F3D-457C-B088-3A5042F75D52}") = "MPCHC-Sync-Server", "MPCHC-Sync-Server\MPCHC-Sync-Server.pyproj", "{344FDF7B-71F4-4277-B585-B2EC5E914863}"
EndProject
Global
	GlobalSection(SolutionConfigurationPlatforms) = preSolution
		Debug|Any CPU = Debug|Any CPU
		Release|Any CPU = Release|Any CPU
	EndGlobalSection
	GlobalSection(ProjectConfigurationPlatforms) = postSolution
		{344FDF7B-71F4-4277-B585-B2EC5E914863}.Debug|Any CPU.ActiveCfg = Debug|Any CPU
		{344FDF7B-71F4-4277-B585-B2EC5E914863}.Release|Any CPU.ActiveCfg = Release|Any CPU
	EndGlobalSection
	GlobalSection(SolutionProperties) = preSolution
		HideSolutionNode = FALSE
	EndGlobalSection
	GlobalSection(ExtensibilityGlobals) = postSolution
		SolutionGuid = {516EE6BC-DB38-4E77-9FC5-ED8255FF4DD0}
	EndGlobalSection
EndGlobal
